
Microsoft Visual Studio Solution File, Format Version 12.00
# Visual Studio Version 16
VisualStudioVersion = 16.0.31005.135
MinimumVisualStudioVersion = 10.0.40219.1
Project("{FAE04EC0-301F-11D3-BF4B-00C04F79EFBC}") = "teste", "teste.csproj", "{BBB0C57F-A8BE-45F6-9DCC-9643940BA04B}"
EndProject
Project("{FAE04EC0-301F-11D3-BF4B-00C04F79EFBC}") = "Presentation", "..\Presentation\Presentation.csproj", "{7363825F-3A33-4870-B697-5491FA686202}"
EndProject
Project("{FAE04EC0-301F-11D3-BF4B-00C04F79EFBC}") = "Data", "..\Data\Data.csproj", "{436F55AA-368C-4B38-948B-163CFB223EBE}"
EndProject
Global
	GlobalSection(SolutionConfigurationPlatforms) = preSolution
		Debug|Any CPU = Debug|Any CPU
		Release|Any CPU = Release|Any CPU
	EndGlobalSection
	GlobalSection(ProjectConfigurationPlatforms) = postSolution
		{BBB0C57F-A8BE-45F6-9DCC-9643940BA04B}.Debug|Any CPU.ActiveCfg = Debug|Any CPU
		{BBB0C57F-A8BE-45F6-9DCC-9643940BA04B}.Debug|Any CPU.Build.0 = Debug|Any CPU
		{BBB0C57F-A8BE-45F6-9DCC-9643940BA04B}.Release|Any CPU.ActiveCfg = Release|Any CPU
		{BBB0C57F-A8BE-45F6-9DCC-9643940BA04B}.Release|Any CPU.Build.0 = Release|Any CPU
		{7363825F-3A33-4870-B697-5491FA686202}.Debug|Any CPU.ActiveCfg = Debug|Any CPU
		{7363825F-3A33-4870-B697-5491FA686202}.Debug|Any CPU.Build.0 = Debug|Any CPU
		{7363825F-3A33-4870-B697-5491FA686202}.Release|Any CPU.ActiveCfg = Release|Any CPU
		{7363825F-3A33-4870-B697-5491FA686202}.Release|Any CPU.Build.0 = Release|Any CPU
		{436F55AA-368C-4B38-948B-163CFB223EBE}.Debug|Any CPU.ActiveCfg = Debug|Any CPU
		{436F55AA-368C-4B38-948B-163CFB223EBE}.Debug|Any CPU.Build.0 = Debug|Any CPU
		{436F55AA-368C-4B38-948B-163CFB223EBE}.Release|Any CPU.ActiveCfg = Release|Any CPU
		{436F55AA-368C-4B38-948B-163CFB223EBE}.Release|Any CPU.Build.0 = Release|Any CPU
	EndGlobalSection
	GlobalSection(SolutionProperties) = preSolution
		HideSolutionNode = FALSE
	EndGlobalSection
	GlobalSection(ExtensibilityGlobals) = postSolution
		SolutionGuid = {CA069FF4-46EE-45D6-9B71-61169A8FF574}
	EndGlobalSection
EndGlobal
